
Microsoft Visual Studio Solution File, Format Version 12.00
# Visual Studio Version 17
VisualStudioVersion = 17.5.002.0
MinimumVisualStudioVersion = 10.0.40219.1
Project("{9A19103F-16F7-4668-BE54-9A1E7A4F7556}") = "ScientificLaboratory-new-with-dto", "ScientificLaboratory-new-with-dto.csproj", "{B193E348-2797-4439-ACBA-4B9FCB52FB81}"
EndProject
Global
	GlobalSection(SolutionConfigurationPlatforms) = preSolution
		Debug|Any CPU = Debug|Any CPU
		Release|Any CPU = Release|Any CPU
	EndGlobalSection
	GlobalSection(ProjectConfigurationPlatforms) = postSolution
		{B193E348-2797-4439-ACBA-4B9FCB52FB81}.Debug|Any CPU.ActiveCfg = Debug|Any CPU
		{B193E348-2797-4439-ACBA-4B9FCB52FB81}.Debug|Any CPU.Build.0 = Debug|Any CPU
		{B193E348-2797-4439-ACBA-4B9FCB52FB81}.Release|Any CPU.ActiveCfg = Release|Any CPU
		{B193E348-2797-4439-ACBA-4B9FCB52FB81}.Release|Any CPU.Build.0 = Release|Any CPU
	EndGlobalSection
	GlobalSection(SolutionProperties) = preSolution
		HideSolutionNode = FALSE
	EndGlobalSection
	GlobalSection(ExtensibilityGlobals) = postSolution
		SolutionGuid = {D8502D8D-0453-4FEA-B624-D927FA64D653}
	EndGlobalSection
EndGlobal
